
Microsoft Visual Studio Solution File, Format Version 12.00
# Visual Studio Version 17
VisualStudioVersion = 17.3.32811.315
MinimumVisualStudioVersion = 10.0.40219.1
Project("{FAE04EC0-301F-11D3-BF4B-00C04F79EFBC}") = "Final_Project_OOP", "Final_Project_OOP\Final_Project_OOP.csproj", "{B90451A1-2A80-4110-95F3-153D35A009FA}"
EndProject
Global
	GlobalSection(SolutionConfigurationPlatforms) = preSolution
		Debug|Any CPU = Debug|Any CPU
		Release|Any CPU = Release|Any CPU
	EndGlobalSection
	GlobalSection(ProjectConfigurationPlatforms) = postSolution
		{B90451A1-2A80-4110-95F3-153D35A009FA}.Debug|Any CPU.ActiveCfg = Debug|Any CPU
		{B90451A1-2A80-4110-95F3-153D35A009FA}.Debug|Any CPU.Build.0 = Debug|Any CPU
		{B90451A1-2A80-4110-95F3-153D35A009FA}.Release|Any CPU.ActiveCfg = Release|Any CPU
		{B90451A1-2A80-4110-95F3-153D35A009FA}.Release|Any CPU.Build.0 = Release|Any CPU
	EndGlobalSection
	GlobalSection(SolutionProperties) = preSolution
		HideSolutionNode = FALSE
	EndGlobalSection
	GlobalSection(ExtensibilityGlobals) = postSolution
		SolutionGuid = {90CA7801-B9A1-4E5C-89FA-FACC8D434CE4}
	EndGlobalSection
EndGlobal
